
Microsoft Visual Studio Solution File, Format Version 12.00
# Visual Studio 14
VisualStudioVersion = 14.0.25420.1
MinimumVisualStudioVersion = 10.0.40219.1
Project("{2150E333-8FDC-42A3-9474-1A3956D46DE8}") = "src", "src", "{579BB1E3-9711-4E9D-A1AB-4F59218C3A55}"
EndProject
Project("{2150E333-8FDC-42A3-9474-1A3956D46DE8}") = "Solution Items", "Solution Items", "{34336205-46C0-4CD1-A08B-6F64DDA20465}"
	ProjectSection(SolutionItems) = preProject
		.editorconfig = .editorconfig
		.gitattributes = .gitattributes
		.gitignore = .gitignore
		circle.yml = circle.yml
		global.json = global.json
		LICENCE.txt = LICENCE.txt
		NuGet.config = NuGet.config
		README.md = README.md
	EndProjectSection
	ProjectSection(FolderGlobals) = preProject
		__JSONSchema = http://json.schemastore.org/global
	EndProjectSection
EndProject
Project("{8BB2217D-0F2D-49D1-97BC-3654ED321F3B}") = "Deinok.SQL.ConnectionString", "src\Deinok.SQL.ConnectionString\Deinok.SQL.ConnectionString.xproj", "{5698D8B4-0133-4366-9583-063BF8D346F8}"
EndProject
Project("{8BB2217D-0F2D-49D1-97BC-3654ED321F3B}") = "Deinok.SQL.ConnectionString.Tests", "tests\Deinok.SQL.ConnectionString.Tests\Deinok.SQL.ConnectionString.Tests.xproj", "{393A3B5B-0851-4EBF-AE01-43B1AFBAECD7}"
EndProject
Project("{2150E333-8FDC-42A3-9474-1A3956D46DE8}") = "tests", "tests", "{09EBD908-F6B3-4FB9-8A8A-44416A064D12}"
EndProject
Global
	GlobalSection(SolutionConfigurationPlatforms) = preSolution
		Debug|Any CPU = Debug|Any CPU
		Release|Any CPU = Release|Any CPU
	EndGlobalSection
	GlobalSection(ProjectConfigurationPlatforms) = postSolution
		{5698D8B4-0133-4366-9583-063BF8D346F8}.Debug|Any CPU.ActiveCfg = Debug|Any CPU
		{5698D8B4-0133-4366-9583-063BF8D346F8}.Debug|Any CPU.Build.0 = Debug|Any CPU
		{5698D8B4-0133-4366-9583-063BF8D346F8}.Release|Any CPU.ActiveCfg = Release|Any CPU
		{5698D8B4-0133-4366-9583-063BF8D346F8}.Release|Any CPU.Build.0 = Release|Any CPU
		{393A3B5B-0851-4EBF-AE01-43B1AFBAECD7}.Debug|Any CPU.ActiveCfg = Debug|Any CPU
		{393A3B5B-0851-4EBF-AE01-43B1AFBAECD7}.Debug|Any CPU.Build.0 = Debug|Any CPU
		{393A3B5B-0851-4EBF-AE01-43B1AFBAECD7}.Release|Any CPU.ActiveCfg = Release|Any CPU
		{393A3B5B-0851-4EBF-AE01-43B1AFBAECD7}.Release|Any CPU.Build.0 = Release|Any CPU
	EndGlobalSection
	GlobalSection(SolutionProperties) = preSolution
		HideSolutionNode = FALSE
	EndGlobalSection
	GlobalSection(NestedProjects) = preSolution
		{5698D8B4-0133-4366-9583-063BF8D346F8} = {579BB1E3-9711-4E9D-A1AB-4F59218C3A55}
		{393A3B5B-0851-4EBF-AE01-43B1AFBAECD7} = {09EBD908-F6B3-4FB9-8A8A-44416A064D12}
	EndGlobalSection
EndGlobal
